
Microsoft Visual Studio Solution File, Format Version 12.00
# Visual Studio 15
VisualStudioVersion = 15.0.26124.0
MinimumVisualStudioVersion = 15.0.26124.0
Project("{FAE04EC0-301F-11D3-BF4B-00C04F79EFBC}") = "BuilderExample", "BuilderPattern\BuilderExample.csproj", "{ED7F4774-C409-4A6B-B7BC-5DA2A946BC86}"
EndProject
Project("{FAE04EC0-301F-11D3-BF4B-00C04F79EFBC}") = "PrototypeExample", "PrototypePattern\PrototypeExample.csproj", "{AB3608B4-5363-4068-A090-3BA61D22A9CC}"
EndProject
Project("{FAE04EC0-301F-11D3-BF4B-00C04F79EFBC}") = "SingleTonExample", "SingletonePattern\SingleTonExample.csproj", "{B11B32EC-F49A-4034-941A-52BA0F2FCFD9}"
EndProject
Global
	GlobalSection(SolutionProperties) = preSolution
		HideSolutionNode = FALSE
	EndGlobalSection
	GlobalSection(SolutionConfigurationPlatforms) = preSolution
		Debug|Any CPU = Debug|Any CPU
		Debug|x64 = Debug|x64
		Debug|x86 = Debug|x86
		Release|Any CPU = Release|Any CPU
		Release|x64 = Release|x64
		Release|x86 = Release|x86
	EndGlobalSection
	GlobalSection(ProjectConfigurationPlatforms) = postSolution
		{ED7F4774-C409-4A6B-B7BC-5DA2A946BC86}.Debug|Any CPU.ActiveCfg = Debug|Any CPU
		{ED7F4774-C409-4A6B-B7BC-5DA2A946BC86}.Debug|Any CPU.Build.0 = Debug|Any CPU
		{ED7F4774-C409-4A6B-B7BC-5DA2A946BC86}.Debug|x64.ActiveCfg = Debug|Any CPU
		{ED7F4774-C409-4A6B-B7BC-5DA2A946BC86}.Debug|x64.Build.0 = Debug|Any CPU
		{ED7F4774-C409-4A6B-B7BC-5DA2A946BC86}.Debug|x86.ActiveCfg = Debug|Any CPU
		{ED7F4774-C409-4A6B-B7BC-5DA2A946BC86}.Debug|x86.Build.0 = Debug|Any CPU
		{ED7F4774-C409-4A6B-B7BC-5DA2A946BC86}.Release|Any CPU.ActiveCfg = Release|Any CPU
		{ED7F4774-C409-4A6B-B7BC-5DA2A946BC86}.Release|Any CPU.Build.0 = Release|Any CPU
		{ED7F4774-C409-4A6B-B7BC-5DA2A946BC86}.Release|x64.ActiveCfg = Release|Any CPU
		{ED7F4774-C409-4A6B-B7BC-5DA2A946BC86}.Release|x64.Build.0 = Release|Any CPU
		{ED7F4774-C409-4A6B-B7BC-5DA2A946BC86}.Release|x86.ActiveCfg = Release|Any CPU
		{ED7F4774-C409-4A6B-B7BC-5DA2A946BC86}.Release|x86.Build.0 = Release|Any CPU
		{AB3608B4-5363-4068-A090-3BA61D22A9CC}.Debug|Any CPU.ActiveCfg = Debug|Any CPU
		{AB3608B4-5363-4068-A090-3BA61D22A9CC}.Debug|Any CPU.Build.0 = Debug|Any CPU
		{AB3608B4-5363-4068-A090-3BA61D22A9CC}.Debug|x64.ActiveCfg = Debug|Any CPU
		{AB3608B4-5363-4068-A090-3BA61D22A9CC}.Debug|x64.Build.0 = Debug|Any CPU
		{AB3608B4-5363-4068-A090-3BA61D22A9CC}.Debug|x86.ActiveCfg = Debug|Any CPU
		{AB3608B4-5363-4068-A090-3BA61D22A9CC}.Debug|x86.Build.0 = Debug|Any CPU
		{AB3608B4-5363-4068-A090-3BA61D22A9CC}.Release|Any CPU.ActiveCfg = Release|Any CPU
		{AB3608B4-5363-4068-A090-3BA61D22A9CC}.Release|Any CPU.Build.0 = Release|Any CPU
		{AB3608B4-5363-4068-A090-3BA61D22A9CC}.Release|x64.ActiveCfg = Release|Any CPU
		{AB3608B4-5363-4068-A090-3BA61D22A9CC}.Release|x64.Build.0 = Release|Any CPU
		{AB3608B4-5363-4068-A090-3BA61D22A9CC}.Release|x86.ActiveCfg = Release|Any CPU
		{AB3608B4-5363-4068-A090-3BA61D22A9CC}.Release|x86.Build.0 = Release|Any CPU
		{B11B32EC-F49A-4034-941A-52BA0F2FCFD9}.Debug|Any CPU.ActiveCfg = Debug|Any CPU
		{B11B32EC-F49A-4034-941A-52BA0F2FCFD9}.Debug|Any CPU.Build.0 = Debug|Any CPU
		{B11B32EC-F49A-4034-941A-52BA0F2FCFD9}.Debug|x64.ActiveCfg = Debug|Any CPU
		{B11B32EC-F49A-4034-941A-52BA0F2FCFD9}.Debug|x64.Build.0 = Debug|Any CPU
		{B11B32EC-F49A-4034-941A-52BA0F2FCFD9}.Debug|x86.ActiveCfg = Debug|Any CPU
		{B11B32EC-F49A-4034-941A-52BA0F2FCFD9}.Debug|x86.Build.0 = Debug|Any CPU
		{B11B32EC-F49A-4034-941A-52BA0F2FCFD9}.Release|Any CPU.ActiveCfg = Release|Any CPU
		{B11B32EC-F49A-4034-941A-52BA0F2FCFD9}.Release|Any CPU.Build.0 = Release|Any CPU
		{B11B32EC-F49A-4034-941A-52BA0F2FCFD9}.Release|x64.ActiveCfg = Release|Any CPU
		{B11B32EC-F49A-4034-941A-52BA0F2FCFD9}.Release|x64.Build.0 = Release|Any CPU
		{B11B32EC-F49A-4034-941A-52BA0F2FCFD9}.Release|x86.ActiveCfg = Release|Any CPU
		{B11B32EC-F49A-4034-941A-52BA0F2FCFD9}.Release|x86.Build.0 = Release|Any CPU
	EndGlobalSection
EndGlobal
