
Microsoft Visual Studio Solution File, Format Version 12.00
Project("{FAE04EC0-301F-11D3-BF4B-00C04F79EFBC}") = "DevskillSystem.web", "DevskillSystem.web\DevskillSystem.web.csproj", "{F290A3BD-4A57-4441-B2B6-C48766F3487B}"
EndProject
Project("{FAE04EC0-301F-11D3-BF4B-00C04F79EFBC}") = "DevskillSystem.data", "DevskillSystem.data\DevskillSystem.data.csproj", "{0386F2F6-52B6-48E2-ACC6-B842CA548539}"
EndProject
Project("{FAE04EC0-301F-11D3-BF4B-00C04F79EFBC}") = "DevSkillSystem.FrameWork", "DevSkillSystem.FrameWork\DevSkillSystem.FrameWork.csproj", "{9CF4D4CD-A735-45E7-B716-4A4491345BCF}"
EndProject
Project("{FAE04EC0-301F-11D3-BF4B-00C04F79EFBC}") = "Notificationworker", "Notificationworker\Notificationworker.csproj", "{F6181F84-9BBC-41E1-8432-0A2617BB69F2}"
EndProject
Global
	GlobalSection(SolutionConfigurationPlatforms) = preSolution
		Debug|Any CPU = Debug|Any CPU
		Release|Any CPU = Release|Any CPU
	EndGlobalSection
	GlobalSection(ProjectConfigurationPlatforms) = postSolution
		{F290A3BD-4A57-4441-B2B6-C48766F3487B}.Debug|Any CPU.ActiveCfg = Debug|Any CPU
		{F290A3BD-4A57-4441-B2B6-C48766F3487B}.Debug|Any CPU.Build.0 = Debug|Any CPU
		{F290A3BD-4A57-4441-B2B6-C48766F3487B}.Release|Any CPU.ActiveCfg = Release|Any CPU
		{F290A3BD-4A57-4441-B2B6-C48766F3487B}.Release|Any CPU.Build.0 = Release|Any CPU
		{0386F2F6-52B6-48E2-ACC6-B842CA548539}.Debug|Any CPU.ActiveCfg = Debug|Any CPU
		{0386F2F6-52B6-48E2-ACC6-B842CA548539}.Debug|Any CPU.Build.0 = Debug|Any CPU
		{0386F2F6-52B6-48E2-ACC6-B842CA548539}.Release|Any CPU.ActiveCfg = Release|Any CPU
		{0386F2F6-52B6-48E2-ACC6-B842CA548539}.Release|Any CPU.Build.0 = Release|Any CPU
		{9CF4D4CD-A735-45E7-B716-4A4491345BCF}.Debug|Any CPU.ActiveCfg = Debug|Any CPU
		{9CF4D4CD-A735-45E7-B716-4A4491345BCF}.Debug|Any CPU.Build.0 = Debug|Any CPU
		{9CF4D4CD-A735-45E7-B716-4A4491345BCF}.Release|Any CPU.ActiveCfg = Release|Any CPU
		{9CF4D4CD-A735-45E7-B716-4A4491345BCF}.Release|Any CPU.Build.0 = Release|Any CPU
		{F6181F84-9BBC-41E1-8432-0A2617BB69F2}.Debug|Any CPU.ActiveCfg = Debug|Any CPU
		{F6181F84-9BBC-41E1-8432-0A2617BB69F2}.Debug|Any CPU.Build.0 = Debug|Any CPU
		{F6181F84-9BBC-41E1-8432-0A2617BB69F2}.Release|Any CPU.ActiveCfg = Release|Any CPU
		{F6181F84-9BBC-41E1-8432-0A2617BB69F2}.Release|Any CPU.Build.0 = Release|Any CPU
	EndGlobalSection
EndGlobal
